{
  "name": "node-mongo",
  "version": "1.0.0",
  "lockfileVersion": 1,
  "requires": true,
  "dependencies": {
    "assert": {
      "version": "1.4.1",
      "resolved": "http://artifactory.devops.chl.bns/artifactory/api/npm/npm-dev/assert/-/assert-1.4.1.tgz",
      "integrity": "sha1-mZEtWRg2tab1s0XA8H7vwI/GXZE=",
      "requires": {
        "util": "0.10.3"
      }
    },
    "bson": {
      "version": "1.0.9",
      "resolved": "http://artifactory.devops.chl.bns/artifactory/api/npm/npm-dev/bson/-/bson-1.0.9.tgz",
      "integrity": "sha1-EjGfgyOxJUc5t8a++NPomuBaL1c="
    },
    "inherits": {
      "version": "2.0.1",
      "resolved": "http://artifactory.devops.chl.bns/artifactory/api/npm/npm-dev/inherits/-/inherits-2.0.1.tgz",
      "integrity": "sha1-sX0I0ya0Qj5Wjv9xn5GwscvfafE="
    },
    "mongodb": {
      "version": "3.0.10",
      "resolved": "http://artifactory.devops.chl.bns/artifactory/api/npm/npm-dev/mongodb/-/mongodb-3.0.10.tgz",
      "integrity": "sha1-+UjLlZWty/ytdET2skoEC2U7I+g=",
      "requires": {
        "mongodb-core": "3.0.9"
      }
    },
    "mongodb-core": {
      "version": "3.0.9",
      "resolved": "http://artifactory.devops.chl.bns/artifactory/api/npm/npm-dev/mongodb-core/-/mongodb-core-3.0.9.tgz",
      "integrity": "sha1-gydBDIiBEBP7PkrHxMZw8yQ0m+E=",
      "requires": {
        "bson": "~1.0.4",
        "require_optional": "^1.0.1"
      }
    },
    "require_optional": {
      "version": "1.0.1",
      "resolved": "http://artifactory.devops.chl.bns/artifactory/api/npm/npm-dev/require_optional/-/require_optional-1.0.1.tgz",
      "integrity": "sha1-TPNaQkf2TKPfjC7yCMxJSxyo/C4=",
      "requires": {
        "resolve-from": "^2.0.0",
        "semver": "^5.1.0"
      }
    },
    "resolve-from": {
      "version": "2.0.0",
      "resolved": "http://artifactory.devops.chl.bns/artifactory/api/npm/npm-dev/resolve-from/-/resolve-from-2.0.0.tgz",
      "integrity": "sha1-lICrIOlP+h2egKgEx+oUdhGWa1c="
    },
    "semver": {
      "version": "5.7.1",
      "resolved": "http://artifactory.devops.chl.bns/artifactory/api/npm/npm-dev/semver/-/semver-5.7.1.tgz",
      "integrity": "sha1-qVT5Ma66UI0we78Gnv8MAclhFvc="
    },
    "util": {
      "version": "0.10.3",
      "resolved": "http://artifactory.devops.chl.bns/artifactory/api/npm/npm-dev/util/-/util-0.10.3.tgz",
      "integrity": "sha1-evsa/lCAUkZInj23/g7TeTNqwPk=",
      "requires": {
        "inherits": "2.0.1"
      }
    }
  }
}
